
Microsoft Visual Studio Solution File, Format Version 12.00
Project("{FAE04EC0-301F-11D3-BF4B-00C04F79EFBC}") = "SteamCli", "SteamCli\SteamCli.csproj", "{B9FFED27-72C0-4099-9BCF-919565AB9A45}"
EndProject
Global
	GlobalSection(SolutionConfigurationPlatforms) = preSolution
		Debug|Any CPU = Debug|Any CPU
		Release|Any CPU = Release|Any CPU
	EndGlobalSection
	GlobalSection(ProjectConfigurationPlatforms) = postSolution
		{B9FFED27-72C0-4099-9BCF-919565AB9A45}.Debug|Any CPU.ActiveCfg = Debug|Any CPU
		{B9FFED27-72C0-4099-9BCF-919565AB9A45}.Debug|Any CPU.Build.0 = Debug|Any CPU
		{B9FFED27-72C0-4099-9BCF-919565AB9A45}.Release|Any CPU.ActiveCfg = Release|Any CPU
		{B9FFED27-72C0-4099-9BCF-919565AB9A45}.Release|Any CPU.Build.0 = Release|Any CPU
	EndGlobalSection
EndGlobal
